# THIS IS AN AUTOGENERATED FILE. DO NOT EDIT THIS FILE DIRECTLY.
# yarn lockfile v1


"@formatjs/ecma402-abstract@2.0.0":
  version "2.0.0"
  resolved "https://registry.npmjs.org/@formatjs/ecma402-abstract/-/ecma402-abstract-2.0.0.tgz"
  integrity sha512-rRqXOqdFmk7RYvj4khklyqzcfQl9vEL/usogncBHRZfZBDOwMGuSRNFl02fu5KGHXdbinju+YXyuR+Nk8xlr/g==
  dependencies:
    "@formatjs/intl-localematcher" "0.5.4"
    tslib "^2.4.0"

"@formatjs/fast-memoize@2.2.0", "@formatjs/fast-memoize@^2.2.0":
  version "2.2.0"
  resolved "https://registry.npmjs.org/@formatjs/fast-memoize/-/fast-memoize-2.2.0.tgz"
  integrity sha512-hnk/nY8FyrL5YxwP9e4r9dqeM6cAbo8PeU9UjyXojZMNvVad2Z06FAVHyR3Ecw6fza+0GH7vdJgiKIVXTMbSBA==
  dependencies:
    tslib "^2.4.0"

"@formatjs/icu-messageformat-parser@2.7.8":
  version "2.7.8"
  resolved "https://registry.npmjs.org/@formatjs/icu-messageformat-parser/-/icu-messageformat-parser-2.7.8.tgz"
  integrity sha512-nBZJYmhpcSX0WeJ5SDYUkZ42AgR3xiyhNCsQweFx3cz/ULJjym8bHAzWKvG5e2+1XO98dBYC0fWeeAECAVSwLA==
  dependencies:
    "@formatjs/ecma402-abstract" "2.0.0"
    "@formatjs/icu-skeleton-parser" "1.8.2"
    tslib "^2.4.0"

"@formatjs/icu-skeleton-parser@1.8.2":
  version "1.8.2"
  resolved "https://registry.npmjs.org/@formatjs/icu-skeleton-parser/-/icu-skeleton-parser-1.8.2.tgz"
  integrity sha512-k4ERKgw7aKGWJZgTarIcNEmvyTVD9FYh0mTrrBMHZ1b8hUu6iOJ4SzsZlo3UNAvHYa+PnvntIwRPt1/vy4nA9Q==
  dependencies:
    "@formatjs/ecma402-abstract" "2.0.0"
    tslib "^2.4.0"

"@formatjs/intl-localematcher@0.5.4":
  version "0.5.4"
  resolved "https://registry.npmjs.org/@formatjs/intl-localematcher/-/intl-localematcher-0.5.4.tgz"
  integrity sha512-zTwEpWOzZ2CiKcB93BLngUX59hQkuZjT2+SAQEscSm52peDW/getsawMcWF1rGRpMCX6D7nSJA3CzJ8gn13N/g==
  dependencies:
    tslib "^2.4.0"

"@formatjs/intl-localematcher@^0.2.32":
  version "0.2.32"
  resolved "https://registry.npmjs.org/@formatjs/intl-localematcher/-/intl-localematcher-0.2.32.tgz"
  integrity sha512-k/MEBstff4sttohyEpXxCmC3MqbUn9VvHGlZ8fauLzkbwXmVrEeyzS+4uhrvAk9DWU9/7otYWxyDox4nT/KVLQ==
  dependencies:
    tslib "^2.4.0"

"@next/env@14.2.5":
  version "14.2.5"
  resolved "https://registry.npmjs.org/@next/env/-/env-14.2.5.tgz"
  integrity sha512-/zZGkrTOsraVfYjGP8uM0p6r0BDT6xWpkjdVbcz66PJVSpwXX3yNiRycxAuDfBKGWBrZBXRuK/YVlkNgxHGwmA==

"@next/swc-darwin-arm64@14.2.5":
  version "14.2.5"
  resolved "https://registry.yarnpkg.com/@next/swc-darwin-arm64/-/swc-darwin-arm64-14.2.5.tgz#d0a160cf78c18731c51cc0bff131c706b3e9bb05"
  integrity sha512-/9zVxJ+K9lrzSGli1///ujyRfon/ZneeZ+v4ptpiPoOU+GKZnm8Wj8ELWU1Pm7GHltYRBklmXMTUqM/DqQ99FQ==

"@next/swc-darwin-x64@14.2.5":
  version "14.2.5"
  resolved "https://registry.yarnpkg.com/@next/swc-darwin-x64/-/swc-darwin-x64-14.2.5.tgz#eb832a992407f6e6352eed05a073379f1ce0589c"
  integrity sha512-vXHOPCwfDe9qLDuq7U1OYM2wUY+KQ4Ex6ozwsKxp26BlJ6XXbHleOUldenM67JRyBfVjv371oneEvYd3H2gNSA==

"@next/swc-linux-arm64-gnu@14.2.5":
  version "14.2.5"
  resolved "https://registry.yarnpkg.com/@next/swc-linux-arm64-gnu/-/swc-linux-arm64-gnu-14.2.5.tgz#098fdab57a4664969bc905f5801ef5a89582c689"
  integrity sha512-vlhB8wI+lj8q1ExFW8lbWutA4M2ZazQNvMWuEDqZcuJJc78iUnLdPPunBPX8rC4IgT6lIx/adB+Cwrl99MzNaA==

"@next/swc-linux-arm64-musl@14.2.5":
  version "14.2.5"
  resolved "https://registry.yarnpkg.com/@next/swc-linux-arm64-musl/-/swc-linux-arm64-musl-14.2.5.tgz#243a1cc1087fb75481726dd289c7b219fa01f2b5"
  integrity sha512-NpDB9NUR2t0hXzJJwQSGu1IAOYybsfeB+LxpGsXrRIb7QOrYmidJz3shzY8cM6+rO4Aojuef0N/PEaX18pi9OA==

"@next/swc-linux-x64-gnu@14.2.5":
  version "14.2.5"
  resolved "https://registry.npmjs.org/@next/swc-linux-x64-gnu/-/swc-linux-x64-gnu-14.2.5.tgz"
  integrity sha512-8XFikMSxWleYNryWIjiCX+gU201YS+erTUidKdyOVYi5qUQo/gRxv/3N1oZFCgqpesN6FPeqGM72Zve+nReVXQ==

"@next/swc-linux-x64-musl@14.2.5":
  version "14.2.5"
  resolved "https://registry.npmjs.org/@next/swc-linux-x64-musl/-/swc-linux-x64-musl-14.2.5.tgz"
  integrity sha512-6QLwi7RaYiQDcRDSU/os40r5o06b5ue7Jsk5JgdRBGGp8l37RZEh9JsLSM8QF0YDsgcosSeHjglgqi25+m04IQ==

"@next/swc-win32-arm64-msvc@14.2.5":
  version "14.2.5"
  resolved "https://registry.yarnpkg.com/@next/swc-win32-arm64-msvc/-/swc-win32-arm64-msvc-14.2.5.tgz#81f996c1c38ea0900d4e7719cc8814be8a835da0"
  integrity sha512-1GpG2VhbspO+aYoMOQPQiqc/tG3LzmsdBH0LhnDS3JrtDx2QmzXe0B6mSZZiN3Bq7IOMXxv1nlsjzoS1+9mzZw==

"@next/swc-win32-ia32-msvc@14.2.5":
  version "14.2.5"
  resolved "https://registry.yarnpkg.com/@next/swc-win32-ia32-msvc/-/swc-win32-ia32-msvc-14.2.5.tgz#f61c74ce823e10b2bc150e648fc192a7056422e0"
  integrity sha512-Igh9ZlxwvCDsu6438FXlQTHlRno4gFpJzqPjSIBZooD22tKeI4fE/YMRoHVJHmrQ2P5YL1DoZ0qaOKkbeFWeMg==

"@next/swc-win32-x64-msvc@14.2.5":
  version "14.2.5"
  resolved "https://registry.yarnpkg.com/@next/swc-win32-x64-msvc/-/swc-win32-x64-msvc-14.2.5.tgz#ed199a920efb510cfe941cd75ed38a7be21e756f"
  integrity sha512-tEQ7oinq1/CjSG9uSTerca3v4AZ+dFa+4Yu6ihaG8Ud8ddqLQgFGcnwYls13H5X5CPDPZJdYxyeMui6muOLd4g==

"@swc/counter@^0.1.3":
  version "0.1.3"
  resolved "https://registry.npmjs.org/@swc/counter/-/counter-0.1.3.tgz"
  integrity sha512-e2BR4lsJkkRlKZ/qCHPw9ZaSxc0MVUd7gtbtaB7aMvHeJVYe8sOB8DBZkP2DtISHGSku9sCK6T6cnY0CtXrOCQ==

"@swc/helpers@0.5.5":
  version "0.5.5"
  resolved "https://registry.npmjs.org/@swc/helpers/-/helpers-0.5.5.tgz"
  integrity sha512-KGYxvIOXcceOAbEk4bi/dVLEK9z8sZ0uBB3Il5b1rhfClSpcX0yfRO0KmTkqR2cnQDymwLB+25ZyMzICg/cm/A==
  dependencies:
    "@swc/counter" "^0.1.3"
    tslib "^2.4.0"

"@types/node@22.2.0":
  version "22.2.0"
  resolved "https://registry.yarnpkg.com/@types/node/-/node-22.2.0.tgz#7cf046a99f0ba4d628ad3088cb21f790df9b0c5b"
  integrity sha512-bm6EG6/pCpkxDf/0gDNDdtDILMOHgaQBVOJGdwsqClnxA3xL6jtMv76rLBc006RVMWbmaf0xbmom4Z/5o2nRkQ==
  dependencies:
    undici-types "~6.13.0"

"@types/prop-types@*":
  version "15.7.12"
  resolved "https://registry.yarnpkg.com/@types/prop-types/-/prop-types-15.7.12.tgz#12bb1e2be27293c1406acb6af1c3f3a1481d98c6"
  integrity sha512-5zvhXYtRNRluoE/jAp4GVsSduVUzNWKkOZrCDBWYtE7biZywwdC2AcEzg+cSMLFRfVgeAFqpfNabiPjxFddV1Q==

"@types/react@18.3.3":
  version "18.3.3"
  resolved "https://registry.yarnpkg.com/@types/react/-/react-18.3.3.tgz#9679020895318b0915d7a3ab004d92d33375c45f"
  integrity sha512-hti/R0pS0q1/xx+TsI73XIqk26eBsISZ2R0wUijXIngRK9R/e7Xw/cXVxQK7R5JjW+SV4zGcn5hXjudkN/pLIw==
  dependencies:
    "@types/prop-types" "*"
    csstype "^3.0.2"

busboy@1.6.0:
  version "1.6.0"
  resolved "https://registry.npmjs.org/busboy/-/busboy-1.6.0.tgz"
  integrity sha512-8SFQbg/0hQ9xy3UNTB0YEnsNBbWfhf7RtnzpL7TkBiTBRfrQ9Fxcnz7VJsleJpyp6rVLvXiuORqjlHi5q+PYuA==
  dependencies:
    streamsearch "^1.1.0"

caniuse-lite@^1.0.30001579:
  version "1.0.30001649"
  resolved "https://registry.npmjs.org/caniuse-lite/-/caniuse-lite-1.0.30001649.tgz"
  integrity sha512-fJegqZZ0ZX8HOWr6rcafGr72+xcgJKI9oWfDW5DrD7ExUtgZC7a7R7ZYmZqplh7XDocFdGeIFn7roAxhOeYrPQ==

client-only@0.0.1:
  version "0.0.1"
  resolved "https://registry.npmjs.org/client-only/-/client-only-0.0.1.tgz"
  integrity sha512-IV3Ou0jSMzZrd3pZ48nLkT9DA7Ag1pnPzaiQhpW7c3RbcqqzvzzVu+L8gfqMp/8IM2MQtSiqaCxrrcfu8I8rMA==

csstype@^3.0.2:
  version "3.1.3"
  resolved "https://registry.yarnpkg.com/csstype/-/csstype-3.1.3.tgz#d80ff294d114fb0e6ac500fbf85b60137d7eff81"
  integrity sha512-M1uQkMl8rQK/szD0LNhtqxIPLpimGm8sOBwU7lLnCpSbTyY3yeU1Vc7l4KT5zT4s/yOxHH5O7tIuuLOCnLADRw==

graceful-fs@^4.2.11:
  version "4.2.11"
  resolved "https://registry.npmjs.org/graceful-fs/-/graceful-fs-4.2.11.tgz"
  integrity sha512-RbJ5/jmFcNNCcDV5o9eTnBLJ/HszWV0P73bc+Ff4nS/rJj+YaS6IGyiOL0VoBYX+l1Wrl3k63h/KrH+nhJ0XvQ==

intl-messageformat@^10.5.14:
  version "10.5.14"
  resolved "https://registry.npmjs.org/intl-messageformat/-/intl-messageformat-10.5.14.tgz"
  integrity sha512-IjC6sI0X7YRjjyVH9aUgdftcmZK7WXdHeil4KwbjDnRWjnVitKpAx3rr6t6di1joFp5188VqKcobOPA6mCLG/w==
  dependencies:
    "@formatjs/ecma402-abstract" "2.0.0"
    "@formatjs/fast-memoize" "2.2.0"
    "@formatjs/icu-messageformat-parser" "2.7.8"
    tslib "^2.4.0"

"js-tokens@^3.0.0 || ^4.0.0":
  version "4.0.0"
  resolved "https://registry.npmjs.org/js-tokens/-/js-tokens-4.0.0.tgz"
  integrity sha512-RdJUflcE3cUzKiMqQgsCu06FPu9UdIJO0beYbPhHN4k6apgJtifcoCtT9bcxOpYBtpD2kCM6Sbzg4CausW/PKQ==

loose-envify@^1.1.0:
  version "1.4.0"
  resolved "https://registry.npmjs.org/loose-envify/-/loose-envify-1.4.0.tgz"
  integrity sha512-lyuxPGr/Wfhrlem2CL/UcnUc1zcqKAImBDzukY7Y5F/yQiNdko6+fRLevlw1HgMySw7f611UIY408EtxRSoK3Q==
  dependencies:
    js-tokens "^3.0.0 || ^4.0.0"

nanoid@^3.3.6:
  version "3.3.7"
  resolved "https://registry.npmjs.org/nanoid/-/nanoid-3.3.7.tgz"
  integrity sha512-eSRppjcPIatRIMC1U6UngP8XFcz8MQWGQdt1MTBQ7NaAmvXDfvNxbvWV3x2y6CdEUciCSsDHDQZbhYaB8QEo2g==

negotiator@^0.6.3:
  version "0.6.3"
  resolved "https://registry.npmjs.org/negotiator/-/negotiator-0.6.3.tgz"
  integrity sha512-+EUsqGPLsM+j/zdChZjsnX51g4XrHFOIXwfnCVPGlQk/k5giakcKsuxCObBRu6DSm9opw/O6slWbJdghQM4bBg==

next-intl@^3.17.2:
  version "3.17.2"
  resolved "https://registry.npmjs.org/next-intl/-/next-intl-3.17.2.tgz"
  integrity sha512-X2ly23e1lC5vdWHaJFBDZi/0iornEdFQQtqJmmPOb7WD+LDssm9vAnx+hJshYGjddaP3rUmyWaPgePCQqaxm1g==
  dependencies:
    "@formatjs/intl-localematcher" "^0.2.32"
    negotiator "^0.6.3"
    use-intl "^3.17.2"

next@14.2.5:
  version "14.2.5"
  resolved "https://registry.npmjs.org/next/-/next-14.2.5.tgz"
  integrity sha512-0f8aRfBVL+mpzfBjYfQuLWh2WyAwtJXCRfkPF4UJ5qd2YwrHczsrSzXU4tRMV0OAxR8ZJZWPFn6uhSC56UTsLA==
  dependencies:
    "@next/env" "14.2.5"
    "@swc/helpers" "0.5.5"
    busboy "1.6.0"
    caniuse-lite "^1.0.30001579"
    graceful-fs "^4.2.11"
    postcss "8.4.31"
    styled-jsx "5.1.1"
  optionalDependencies:
    "@next/swc-darwin-arm64" "14.2.5"
    "@next/swc-darwin-x64" "14.2.5"
    "@next/swc-linux-arm64-gnu" "14.2.5"
    "@next/swc-linux-arm64-musl" "14.2.5"
    "@next/swc-linux-x64-gnu" "14.2.5"
    "@next/swc-linux-x64-musl" "14.2.5"
    "@next/swc-win32-arm64-msvc" "14.2.5"
    "@next/swc-win32-ia32-msvc" "14.2.5"
    "@next/swc-win32-x64-msvc" "14.2.5"

picocolors@^1.0.0:
  version "1.0.1"
  resolved "https://registry.npmjs.org/picocolors/-/picocolors-1.0.1.tgz"
  integrity sha512-anP1Z8qwhkbmu7MFP5iTt+wQKXgwzf7zTyGlcdzabySa9vd0Xt392U0rVmz9poOaBj0uHJKyyo9/upk0HrEQew==

postcss@8.4.31:
  version "8.4.31"
  resolved "https://registry.npmjs.org/postcss/-/postcss-8.4.31.tgz"
  integrity sha512-PS08Iboia9mts/2ygV3eLpY5ghnUcfLV/EXTOW1E2qYxJKGGBUtNjN76FYHnMs36RmARn41bC0AZmn+rR0OVpQ==
  dependencies:
    nanoid "^3.3.6"
    picocolors "^1.0.0"
    source-map-js "^1.0.2"

react-dom@^18:
  version "18.3.1"
  resolved "https://registry.npmjs.org/react-dom/-/react-dom-18.3.1.tgz"
  integrity sha512-5m4nQKp+rZRb09LNH59GM4BxTh9251/ylbKIbpe7TpGxfJ+9kv6BLkLBXIjjspbgbnIBNqlI23tRnTWT0snUIw==
  dependencies:
    loose-envify "^1.1.0"
    scheduler "^0.23.2"

react@^18:
  version "18.3.1"
  resolved "https://registry.npmjs.org/react/-/react-18.3.1.tgz"
  integrity sha512-wS+hAgJShR0KhEvPJArfuPVN1+Hz1t0Y6n5jLrGQbkb4urgPE/0Rve+1kMB1v/oWgHgm4WIcV+i7F2pTVj+2iQ==
  dependencies:
    loose-envify "^1.1.0"

scheduler@^0.23.2:
  version "0.23.2"
  resolved "https://registry.npmjs.org/scheduler/-/scheduler-0.23.2.tgz"
  integrity sha512-UOShsPwz7NrMUqhR6t0hWjFduvOzbtv7toDH1/hIrfRNIDBnnBWd0CwJTGvTpngVlmwGCdP9/Zl/tVrDqcuYzQ==
  dependencies:
    loose-envify "^1.1.0"

source-map-js@^1.0.2:
  version "1.2.0"
  resolved "https://registry.npmjs.org/source-map-js/-/source-map-js-1.2.0.tgz"
  integrity sha512-itJW8lvSA0TXEphiRoawsCksnlf8SyvmFzIhltqAHluXd88pkCd+cXJVHTDwdCr0IzwptSm035IHQktUu1QUMg==

streamsearch@^1.1.0:
  version "1.1.0"
  resolved "https://registry.npmjs.org/streamsearch/-/streamsearch-1.1.0.tgz"
  integrity sha512-Mcc5wHehp9aXz1ax6bZUyY5afg9u2rv5cqQI3mRrYkGC8rW2hM02jWuwjtL++LS5qinSyhj2QfLyNsuc+VsExg==

styled-jsx@5.1.1:
  version "5.1.1"
  resolved "https://registry.npmjs.org/styled-jsx/-/styled-jsx-5.1.1.tgz"
  integrity sha512-pW7uC1l4mBZ8ugbiZrcIsiIvVx1UmTfw7UkC3Um2tmfUq9Bhk8IiyEIPl6F8agHgjzku6j0xQEZbfA5uSgSaCw==
  dependencies:
    client-only "0.0.1"

tslib@^2.4.0:
  version "2.6.3"
  resolved "https://registry.npmjs.org/tslib/-/tslib-2.6.3.tgz"
  integrity sha512-xNvxJEOUiWPGhUuUdQgAJPKOOJfGnIyKySOc09XkKsgdUV/3E2zvwZYdejjmRgPCgcym1juLH3226yA7sEFJKQ==

typescript@5.5.4:
  version "5.5.4"
  resolved "https://registry.yarnpkg.com/typescript/-/typescript-5.5.4.tgz#d9852d6c82bad2d2eda4fd74a5762a8f5909e9ba"
  integrity sha512-Mtq29sKDAEYP7aljRgtPOpTvOfbwRWlS6dPRzwjdE+C0R4brX/GUyhHSecbHMFLNBLcJIPt9nl9yG5TZ1weH+Q==

undici-types@~6.13.0:
  version "6.13.0"
  resolved "https://registry.yarnpkg.com/undici-types/-/undici-types-6.13.0.tgz#e3e79220ab8c81ed1496b5812471afd7cf075ea5"
  integrity sha512-xtFJHudx8S2DSoujjMd1WeWvn7KKWFRESZTMeL1RptAYERu29D6jphMjjY+vn96jvN3kVPDNxU/E13VTaXj6jg==

use-intl@^3.17.2:
  version "3.17.2"
  resolved "https://registry.npmjs.org/use-intl/-/use-intl-3.17.2.tgz"
  integrity sha512-9lPgt41nS8x4AYCLfIC9VKCmamnVxzPM2nze7lpp/I1uaSSQvIz5MQpYUFikv08cMUsCwAWahU0e+arHInpdcw==
  dependencies:
    "@formatjs/fast-memoize" "^2.2.0"
    intl-messageformat "^10.5.14"
